// !$*UTF8*$!
{
	archiveVersion = 1;
	classes = {
	};
	objectVersion = 55;
	objects = {

/* Begin PBXBuildFile section */
		3608F80228D1F63A00B59F89 /* UIColor+Palette.swift in Sources */ = {isa = PBXBuildFile; fileRef = 3608F80128D1F63A00B59F89 /* UIColor+Palette.swift */; };
		3608F80428D2A3F300B59F89 /* ProgressbarCustom.swift in Sources */ = {isa = PBXBuildFile; fileRef = 3608F80328D2A3F300B59F89 /* ProgressbarCustom.swift */; };
		36ACF89928D1502B00AD8496 /* Quantico-Regular.ttf in Resources */ = {isa = PBXBuildFile; fileRef = 36ACF89828D1502B00AD8496 /* Quantico-Regular.ttf */; };
		36ACF89D28D1541700AD8496 /* Quantico-Bold.ttf in Resources */ = {isa = PBXBuildFile; fileRef = 36ACF89C28D1541700AD8496 /* Quantico-Bold.ttf */; };
		36B9BFCA28CE1CAB00BF1D80 /* AppDelegate.swift in Sources */ = {isa = PBXBuildFile; fileRef = 36B9BFC928CE1CAB00BF1D80 /* AppDelegate.swift */; };
		36B9BFCE28CE1CAB00BF1D80 /* ViewController.swift in Sources */ = {isa = PBXBuildFile; fileRef = 36B9BFCD28CE1CAB00BF1D80 /* ViewController.swift */; };
		36B9BFD328CE1CAB00BF1D80 /* Assets.xcassets in Resources */ = {isa = PBXBuildFile; fileRef = 36B9BFD228CE1CAB00BF1D80 /* Assets.xcassets */; };
		36B9BFD628CE1CAB00BF1D80 /* LaunchScreen.storyboard in Resources */ = {isa = PBXBuildFile; fileRef = 36B9BFD428CE1CAB00BF1D80 /* LaunchScreen.storyboard */; };
/* End PBXBuildFile section */

/* Begin PBXFileReference section */
		3608F80128D1F63A00B59F89 /* UIColor+Palette.swift */ = {isa = PBXFileReference; lastKnownFileType = sourcecode.swift; path = "UIColor+Palette.swift"; sourceTree = "<group>"; };
		3608F80328D2A3F300B59F89 /* ProgressbarCustom.swift */ = {isa = PBXFileReference; lastKnownFileType = sourcecode.swift; path = ProgressbarCustom.swift; sourceTree = "<group>"; };
		36ACF89828D1502B00AD8496 /* Quantico-Regular.ttf */ = {isa = PBXFileReference; lastKnownFileType = file; path = "Quantico-Regular.ttf"; sourceTree = "<group>"; };
		36ACF89C28D1541700AD8496 /* Quantico-Bold.ttf */ = {isa = PBXFileReference; lastKnownFileType = file; path = "Quantico-Bold.ttf"; sourceTree = "<group>"; };
		36B9BFC628CE1CAB00BF1D80 /* DayLight Teste.app */ = {isa = PBXFileReference; explicitFileType = wrapper.application; includeInIndex = 0; path = "DayLight Teste.app"; sourceTree = BUILT_PRODUCTS_DIR; };
		36B9BFC928CE1CAB00BF1D80 /* AppDelegate.swift */ = {isa = PBXFileReference; lastKnownFileType = sourcecode.swift; path = AppDelegate.swift; sourceTree = "<group>"; };
		36B9BFCD28CE1CAB00BF1D80 /* ViewController.swift */ = {isa = PBXFileReference; lastKnownFileType = sourcecode.swift; path = ViewController.swift; sourceTree = "<group>"; };
		36B9BFD228CE1CAB00BF1D80 /* Assets.xcassets */ = {isa = PBXFileReference; lastKnownFileType = folder.assetcatalog; path = Assets.xcassets; sourceTree = "<group>"; };
		36B9BFD528CE1CAB00BF1D80 /* Base */ = {isa = PBXFileReference; lastKnownFileType = file.storyboard; name = Base; path = Base.lproj/LaunchScreen.storyboard; sourceTree = "<group>"; };
		36B9BFD728CE1CAB00BF1D80 /* Info.plist */ = {isa = PBXFileReference; lastKnownFileType = text.plist.xml; path = Info.plist; sourceTree = "<group>"; };
/* End PBXFileReference section */

/* Begin PBXFrameworksBuildPhase section */
		36B9BFC328CE1CAB00BF1D80 /* Frameworks */ = {
			isa = PBXFrameworksBuildPhase;
			buildActionMask = 2147483647;
			files = (
			);
			runOnlyForDeploymentPostprocessing = 0;
		};
/* End PBXFrameworksBuildPhase section */

/* Begin PBXGroup section */
		36ACF89428D14A6800AD8496 /* Fonts */ = {
			isa = PBXGroup;
			children = (
				36ACF89C28D1541700AD8496 /* Quantico-Bold.ttf */,
				36ACF89828D1502B00AD8496 /* Quantico-Regular.ttf */,
			);
			path = Fonts;
			sourceTree = "<group>";
		};
		36B9BFBD28CE1CAB00BF1D80 = {
			isa = PBXGroup;
			children = (
				36B9BFC828CE1CAB00BF1D80 /* DayLight Teste */,
				36B9BFC728CE1CAB00BF1D80 /* Products */,
			);
			sourceTree = "<group>";
		};
		36B9BFC728CE1CAB00BF1D80 /* Products */ = {
			isa = PBXGroup;
			children = (
				36B9BFC628CE1CAB00BF1D80 /* DayLight Teste.app */,
			);
			name = Products;
			sourceTree = "<group>";
		};
		36B9BFC828CE1CAB00BF1D80 /* DayLight Teste */ = {
			isa = PBXGroup;
			children = (
				36B9BFC928CE1CAB00BF1D80 /* AppDelegate.swift */,
				36B9BFCD28CE1CAB00BF1D80 /* ViewController.swift */,
				3608F80128D1F63A00B59F89 /* UIColor+Palette.swift */,
				36B9BFD228CE1CAB00BF1D80 /* Assets.xcassets */,
				36B9BFD428CE1CAB00BF1D80 /* LaunchScreen.storyboard */,
				36B9BFD728CE1CAB00BF1D80 /* Info.plist */,
				3608F80328D2A3F300B59F89 /* ProgressbarCustom.swift */,
				36ACF89428D14A6800AD8496 /* Fonts */,
			);
			path = "DayLight Teste";
			sourceTree = "<group>";
		};
/* End PBXGroup section */

/* Begin PBXNativeTarget section */
		36B9BFC528CE1CAB00BF1D80 /* DayLight Teste */ = {
			isa = PBXNativeTarget;
			buildConfigurationList = 36B9BFDA28CE1CAB00BF1D80 /* Build configuration list for PBXNativeTarget "DayLight Teste" */;
			buildPhases = (
				36B9BFC228CE1CAB00BF1D80 /* Sources */,
				36B9BFC328CE1CAB00BF1D80 /* Frameworks */,
				36B9BFC428CE1CAB00BF1D80 /* Resources */,
			);
			buildRules = (
			);
			dependencies = (
			);
			name = "DayLight Teste";
			productName = "DayLight Teste";
			productReference = 36B9BFC628CE1CAB00BF1D80 /* DayLight Teste.app */;
			productType = "com.apple.product-type.application";
		};
/* End PBXNativeTarget section */

/* Begin PBXProject section */
		36B9BFBE28CE1CAB00BF1D80 /* Project object */ = {
			isa = PBXProject;
			attributes = {
				BuildIndependentTargetsInParallel = 1;
				LastSwiftUpdateCheck = 1340;
				LastUpgradeCheck = 1340;
				TargetAttributes = {
					36B9BFC528CE1CAB00BF1D80 = {
						CreatedOnToolsVersion = 13.4.1;
					};
				};
			};
			buildConfigurationList = 36B9BFC128CE1CAB00BF1D80 /* Build configuration list for PBXProject "DayLight Teste" */;
			compatibilityVersion = "Xcode 13.0";
			developmentRegion = en;
			hasScannedForEncodings = 0;
			knownRegions = (
				en,
				Base,
			);
			mainGroup = 36B9BFBD28CE1CAB00BF1D80;
			productRefGroup = 36B9BFC728CE1CAB00BF1D80 /* Products */;
			projectDirPath = "";
			projectRoot = "";
			targets = (
				36B9BFC528CE1CAB00BF1D80 /* DayLight Teste */,
			);
		};
/* End PBXProject section */

/* Begin PBXResourcesBuildPhase section */
		36B9BFC428CE1CAB00BF1D80 /* Resources */ = {
			isa = PBXResourcesBuildPhase;
			buildActionMask = 2147483647;
			files = (
				36B9BFD628CE1CAB00BF1D80 /* LaunchScreen.storyboard in Resources */,
				36B9BFD328CE1CAB00BF1D80 /* Assets.xcassets in Resources */,
				36ACF89928D1502B00AD8496 /* Quantico-Regular.ttf in Resources */,
				36ACF89D28D1541700AD8496 /* Quantico-Bold.ttf in Resources */,
			);
			runOnlyForDeploymentPostprocessing = 0;
		};
/* End PBXResourcesBuildPhase section */

/* Begin PBXSourcesBuildPhase section */
		36B9BFC228CE1CAB00BF1D80 /* Sources */ = {
			isa = PBXSourcesBuildPhase;
			buildActionMask = 2147483647;
			files = (
				36B9BFCE28CE1CAB00BF1D80 /* ViewController.swift in Sources */,
				36B9BFCA28CE1CAB00BF1D80 /* AppDelegate.swift in Sources */,
				3608F80228D1F63A00B59F89 /* UIColor+Palette.swift in Sources */,
				3608F80428D2A3F300B59F89 /* ProgressbarCustom.swift in Sources */,
			);
			runOnlyForDeploymentPostprocessing = 0;
		};
/* End PBXSourcesBuildPhase section */

/* Begin PBXVariantGroup section */
		36B9BFD428CE1CAB00BF1D80 /* LaunchScreen.storyboard */ = {
			isa = PBXVariantGroup;
			children = (
				36B9BFD528CE1CAB00BF1D80 /* Base */,
			);
			name = LaunchScreen.storyboard;
			sourceTree = "<group>";
		};
/* End PBXVariantGroup section */

/* Begin XCBuildConfiguration section */
		36B9BFD828CE1CAB00BF1D80 /* Debug */ = {
			isa = XCBuildConfiguration;
			buildSettings = {
				ALWAYS_SEARCH_USER_PATHS = NO;
				CLANG_ANALYZER_NONNULL = YES;
				CLANG_ANALYZER_NUMBER_OBJECT_CONVERSION = YES_AGGRESSIVE;
				CLANG_CXX_LANGUAGE_STANDARD = "gnu++17";
				CLANG_ENABLE_MODULES = YES;
				CLANG_ENABLE_OBJC_ARC = YES;
				CLANG_ENABLE_OBJC_WEAK = YES;
				CLANG_WARN_BLOCK_CAPTURE_AUTORELEASING = YES;
				CLANG_WARN_BOOL_CONVERSION = YES;
				CLANG_WARN_COMMA = YES;
				CLANG_WARN_CONSTANT_CONVERSION = YES;
				CLANG_WARN_DEPRECATED_OBJC_IMPLEMENTATIONS = YES;
				CLANG_WARN_DIRECT_OBJC_ISA_USAGE = YES_ERROR;
				CLANG_WARN_DOCUMENTATION_COMMENTS = YES;
				CLANG_WARN_EMPTY_BODY = YES;
				CLANG_WARN_ENUM_CONVERSION = YES;
				CLANG_WARN_INFINITE_RECURSION = YES;
				CLANG_WARN_INT_CONVERSION = YES;
				CLANG_WARN_NON_LITERAL_NULL_CONVERSION = YES;
				CLANG_WARN_OBJC_IMPLICIT_RETAIN_SELF = YES;
				CLANG_WARN_OBJC_LITERAL_CONVERSION = YES;
				CLANG_WARN_OBJC_ROOT_CLASS = YES_ERROR;
				CLANG_WARN_QUOTED_INCLUDE_IN_FRAMEWORK_HEADER = YES;
				CLANG_WARN_RANGE_LOOP_ANALYSIS = YES;
				CLANG_WARN_STRICT_PROTOTYPES = YES;
				CLANG_WARN_SUSPICIOUS_MOVE = YES;
				CLANG_WARN_UNGUARDED_AVAILABILITY = YES_AGGRESSIVE;
				CLANG_WARN_UNREACHABLE_CODE = YES;
				CLANG_WARN__DUPLICATE_METHOD_MATCH = YES;
				COPY_PHASE_STRIP = NO;
				DEBUG_INFORMATION_FORMAT = dwarf;
				ENABLE_STRICT_OBJC_MSGSEND = YES;
				ENABLE_TESTABILITY = YES;
				GCC_C_LANGUAGE_STANDARD = gnu11;
				GCC_DYNAMIC_NO_PIC = NO;
				GCC_NO_COMMON_BLOCKS = YES;
				GCC_OPTIMIZATION_LEVEL = 0;
				GCC_PREPROCESSOR_DEFINITIONS = (
					"DEBUG=1",
					"$(inherited)",
				);
				GCC_WARN_64_TO_32_BIT_CONVERSION = YES;
				GCC_WARN_ABOUT_RETURN_TYPE = YES_ERROR;
				GCC_WARN_UNDECLARED_SELECTOR = YES;
				GCC_WARN_UNINITIALIZED_AUTOS = YES_AGGRESSIVE;
				GCC_WARN_UNUSED_FUNCTION = YES;
				GCC_WARN_UNUSED_VARIABLE = YES;
				IPHONEOS_DEPLOYMENT_TARGET = 15.5;
				MTL_ENABLE_DEBUG_INFO = INCLUDE_SOURCE;
				MTL_FAST_MATH = YES;
				ONLY_ACTIVE_ARCH = YES;
				SDKROOT = iphoneos;
				SWIFT_ACTIVE_COMPILATION_CONDITIONS = DEBUG;
				SWIFT_OPTIMIZATION_LEVEL = "-Onone";
			};
			name = Debug;
		};
		36B9BFD928CE1CAB00BF1D80 /* Release */ = {
			isa = XCBuildConfiguration;
			buildSettings = {
				ALWAYS_SEARCH_USER_PATHS = NO;
				CLANG_ANALYZER_NONNULL = YES;
				CLANG_ANALYZER_NUMBER_OBJECT_CONVERSION = YES_AGGRESSIVE;
				CLANG_CXX_LANGUAGE_STANDARD = "gnu++17";
				CLANG_ENABLE_MODULES = YES;
				CLANG_ENABLE_OBJC_ARC = YES;
				CLANG_ENABLE_OBJC_WEAK = YES;
				CLANG_WARN_BLOCK_CAPTURE_AUTORELEASING = YES;
				CLANG_WARN_BOOL_CONVERSION = YES;
				CLANG_WARN_COMMA = YES;
				CLANG_WARN_CONSTANT_CONVERSION = YES;
				CLANG_WARN_DEPRECATED_OBJC_IMPLEMENTATIONS = YES;
				CLANG_WARN_DIRECT_OBJC_ISA_USAGE = YES_ERROR;
				CLANG_WARN_DOCUMENTATION_COMMENTS = YES;
				CLANG_WARN_EMPTY_BODY = YES;
				CLANG_WARN_ENUM_CONVERSION = YES;
				CLANG_WARN_INFINITE_RECURSION = YES;
				CLANG_WARN_INT_CONVERSION = YES;
				CLANG_WARN_NON_LITERAL_NULL_CONVERSION = YES;
				CLANG_WARN_OBJC_IMPLICIT_RETAIN_SELF = YES;
				CLANG_WARN_OBJC_LITERAL_CONVERSION = YES;
				CLANG_WARN_OBJC_ROOT_CLASS = YES_ERROR;
				CLANG_WARN_QUOTED_INCLUDE_IN_FRAMEWORK_HEADER = YES;
				CLANG_WARN_RANGE_LOOP_ANALYSIS = YES;
				CLANG_WARN_STRICT_PROTOTYPES = YES;
				CLANG_WARN_SUSPICIOUS_MOVE = YES;
				CLANG_WARN_UNGUARDED_AVAILABILITY = YES_AGGRESSIVE;
				CLANG_WARN_UNREACHABLE_CODE = YES;
				CLANG_WARN__DUPLICATE_METHOD_MATCH = YES;
				COPY_PHASE_STRIP = NO;
				DEBUG_INFORMATION_FORMAT = "dwarf-with-dsym";
				ENABLE_NS_ASSERTIONS = NO;
				ENABLE_STRICT_OBJC_MSGSEND = YES;
				GCC_C_LANGUAGE_STANDARD = gnu11;
				GCC_NO_COMMON_BLOCKS = YES;
				GCC_WARN_64_TO_32_BIT_CONVERSION = YES;
				GCC_WARN_ABOUT_RETURN_TYPE = YES_ERROR;
				GCC_WARN_UNDECLARED_SELECTOR = YES;
				GCC_WARN_UNINITIALIZED_AUTOS = YES_AGGRESSIVE;
				GCC_WARN_UNUSED_FUNCTION = YES;
				GCC_WARN_UNUSED_VARIABLE = YES;
				IPHONEOS_DEPLOYMENT_TARGET = 15.5;
				MTL_ENABLE_DEBUG_INFO = NO;
				MTL_FAST_MATH = YES;
				SDKROOT = iphoneos;
				SWIFT_COMPILATION_MODE = wholemodule;
				SWIFT_OPTIMIZATION_LEVEL = "-O";
				VALIDATE_PRODUCT = YES;
			};
			name = Release;
		};
		36B9BFDB28CE1CAB00BF1D80 /* Debug */ = {
			isa = XCBuildConfiguration;
			buildSettings = {
				ASSETCATALOG_COMPILER_APPICON_NAME = AppIcon;
				ASSETCATALOG_COMPILER_GLOBAL_ACCENT_COLOR_NAME = AccentColor;
				CODE_SIGN_STYLE = Automatic;
				CURRENT_PROJECT_VERSION = 1;
				DEVELOPMENT_TEAM = 8D2H27TXKN;
				GENERATE_INFOPLIST_FILE = YES;
				INFOPLIST_FILE = "DayLight Teste/Info.plist";
				INFOPLIST_KEY_UIApplicationSupportsIndirectInputEvents = YES;
				INFOPLIST_KEY_UILaunchStoryboardName = LaunchScreen;
				INFOPLIST_KEY_UISupportedInterfaceOrientations = UIInterfaceOrientationPortrait;
				INFOPLIST_KEY_UISupportedInterfaceOrientations_iPad = "UIInterfaceOrientationPortrait UIInterfaceOrientationPortraitUpsideDown";
				INFOPLIST_KEY_UISupportedInterfaceOrientations_iPhone = UIInterfaceOrientationPortrait;
				LD_RUNPATH_SEARCH_PATHS = (
					"$(inherited)",
					"@executable_path/Frameworks",
				);
				MARKETING_VERSION = 1.0;
				PRODUCT_BUNDLE_IDENTIFIER = "ADAIFCE.DayLight-Teste";
				PRODUCT_NAME = "$(TARGET_NAME)";
				SWIFT_EMIT_LOC_STRINGS = YES;
				SWIFT_VERSION = 5.0;
				TARGETED_DEVICE_FAMILY = 1;
			};
			name = Debug;
		};
		36B9BFDC28CE1CAB00BF1D80 /* Release */ = {
			isa = XCBuildConfiguration;
			buildSettings = {
				ASSETCATALOG_COMPILER_APPICON_NAME = AppIcon;
				ASSETCATALOG_COMPILER_GLOBAL_ACCENT_COLOR_NAME = AccentColor;
				CODE_SIGN_STYLE = Automatic;
				CURRENT_PROJECT_VERSION = 1;
				DEVELOPMENT_TEAM = 8D2H27TXKN;
				GENERATE_INFOPLIST_FILE = YES;
				INFOPLIST_FILE = "DayLight Teste/Info.plist";
				INFOPLIST_KEY_UIApplicationSupportsIndirectInputEvents = YES;
				INFOPLIST_KEY_UILaunchStoryboardName = LaunchScreen;
				INFOPLIST_KEY_UISupportedInterfaceOrientations = UIInterfaceOrientationPortrait;
				INFOPLIST_KEY_UISupportedInterfaceOrientations_iPad = "UIInterfaceOrientationPortrait UIInterfaceOrientationPortraitUpsideDown";
				INFOPLIST_KEY_UISupportedInterfaceOrientations_iPhone = UIInterfaceOrientationPortrait;
				LD_RUNPATH_SEARCH_PATHS = (
					"$(inherited)",
					"@executable_path/Frameworks",
				);
				MARKETING_VERSION = 1.0;
				PRODUCT_BUNDLE_IDENTIFIER = "ADAIFCE.DayLight-Teste";
				PRODUCT_NAME = "$(TARGET_NAME)";
				SWIFT_EMIT_LOC_STRINGS = YES;
				SWIFT_VERSION = 5.0;
				TARGETED_DEVICE_FAMILY = 1;
			};
			name = Release;
		};
/* End XCBuildConfiguration section */

/* Begin XCConfigurationList section */
		36B9BFC128CE1CAB00BF1D80 /* Build configuration list for PBXProject "DayLight Teste" */ = {
			isa = XCConfigurationList;
			buildConfigurations = (
				36B9BFD828CE1CAB00BF1D80 /* Debug */,
				36B9BFD928CE1CAB00BF1D80 /* Release */,
			);
			defaultConfigurationIsVisible = 0;
			defaultConfigurationName = Release;
		};
		36B9BFDA28CE1CAB00BF1D80 /* Build configuration list for PBXNativeTarget "DayLight Teste" */ = {
			isa = XCConfigurationList;
			buildConfigurations = (
				36B9BFDB28CE1CAB00BF1D80 /* Debug */,
				36B9BFDC28CE1CAB00BF1D80 /* Release */,
			);
			defaultConfigurationIsVisible = 0;
			defaultConfigurationName = Release;
		};
/* End XCConfigurationList section */
	};
	rootObject = 36B9BFBE28CE1CAB00BF1D80 /* Project object */;
}
