// !$*UTF8*$!
{
	archiveVersion = 1;
	classes = {
	};
	objectVersion = 55;
	objects = {

/* Begin PBXBuildFile section */
		36B9BFCA28CE1CAB00BF1D80 /* AppDelegate.swift in Sources */ = {isa = PBXBuildFile; fileRef = 36B9BFC928CE1CAB00BF1D80 /* AppDelegate.swift */; };
		36B9BFCE28CE1CAB00BF1D80 /* ViewController.swift in Sources */ = {isa = PBXBuildFile; fileRef = 36B9BFCD28CE1CAB00BF1D80 /* ViewController.swift */; };
		36B9BFD328CE1CAB00BF1D80 /* Assets.xcassets in Resources */ = {isa = PBXBuildFile; fileRef = 36B9BFD228CE1CAB00BF1D80 /* Assets.xcassets */; };
		36B9BFD628CE1CAB00BF1D80 /* LaunchScreen.storyboard in Resources */ = {isa = PBXBuildFile; fileRef = 36B9BFD428CE1CAB00BF1D80 /* LaunchScreen.storyboard */; };
		4E03FDC228D0AE2400B556FC /* dry.dae in Resources */ = {isa = PBXBuildFile; fileRef = 4E03FDC028D0AE2400B556FC /* dry.dae */; };
		4E03FDC328D0AE2400B556FC /* Imagem0(unica).png in Resources */ = {isa = PBXBuildFile; fileRef = 4E03FDC128D0AE2400B556FC /* Imagem0(unica).png */; };
		4E03FDC528D0AEAD00B556FC /* lakeView.swift in Sources */ = {isa = PBXBuildFile; fileRef = 4E03FDC428D0AEAD00B556FC /* lakeView.swift */; };
		4E03FDC828D0D11100B556FC /* peixe1.dae in Resources */ = {isa = PBXBuildFile; fileRef = 4E03FDC628D0D11100B556FC /* peixe1.dae */; };
		4E03FDC928D0D11100B556FC /* peixeTextura1.png in Resources */ = {isa = PBXBuildFile; fileRef = 4E03FDC728D0D11100B556FC /* peixeTextura1.png */; };
		4E03FDCB28D2019400B556FC /* dry-1.dae in Resources */ = {isa = PBXBuildFile; fileRef = 4E03FDCA28D2019400B556FC /* dry-1.dae */; };
		4E03FDCD28D201A600B556FC /* dry-1-texture.png in Resources */ = {isa = PBXBuildFile; fileRef = 4E03FDCC28D201A600B556FC /* dry-1-texture.png */; };
		4E03FDD028D2025F00B556FC /* water-1-texture.png in Resources */ = {isa = PBXBuildFile; fileRef = 4E03FDCE28D2025F00B556FC /* water-1-texture.png */; };
		4E03FDD128D2025F00B556FC /* water1.dae in Resources */ = {isa = PBXBuildFile; fileRef = 4E03FDCF28D2025F00B556FC /* water1.dae */; };
		4ECFD2DB28D2049F00ED205A /* wet-1.dae in Resources */ = {isa = PBXBuildFile; fileRef = 4ECFD2D928D2049F00ED205A /* wet-1.dae */; };
		4ECFD2DC28D2049F00ED205A /* wet-1-texture.png in Resources */ = {isa = PBXBuildFile; fileRef = 4ECFD2DA28D2049F00ED205A /* wet-1-texture.png */; };
		4ECFD2DF28D204D900ED205A /* water2.dae in Resources */ = {isa = PBXBuildFile; fileRef = 4ECFD2DD28D204D900ED205A /* water2.dae */; };
		4ECFD2E028D204D900ED205A /* water-2-texture.png in Resources */ = {isa = PBXBuildFile; fileRef = 4ECFD2DE28D204D900ED205A /* water-2-texture.png */; };
		4ECFD2E328D205A800ED205A /* wet-2-texture.png in Resources */ = {isa = PBXBuildFile; fileRef = 4ECFD2E128D205A800ED205A /* wet-2-texture.png */; };
		4ECFD2E428D205A800ED205A /* wet-2.dae in Resources */ = {isa = PBXBuildFile; fileRef = 4ECFD2E228D205A800ED205A /* wet-2.dae */; };
		4ECFD2E728D205DE00ED205A /* water-3-texture.png in Resources */ = {isa = PBXBuildFile; fileRef = 4ECFD2E528D205DE00ED205A /* water-3-texture.png */; };
		4ECFD2EA28D2065000ED205A /* water3.dae in Resources */ = {isa = PBXBuildFile; fileRef = 4ECFD2E928D2065000ED205A /* water3.dae */; };
/* End PBXBuildFile section */

/* Begin PBXFileReference section */
		36B9BFC628CE1CAB00BF1D80 /* DayLight Teste.app */ = {isa = PBXFileReference; explicitFileType = wrapper.application; includeInIndex = 0; path = "DayLight Teste.app"; sourceTree = BUILT_PRODUCTS_DIR; };
		36B9BFC928CE1CAB00BF1D80 /* AppDelegate.swift */ = {isa = PBXFileReference; lastKnownFileType = sourcecode.swift; path = AppDelegate.swift; sourceTree = "<group>"; };
		36B9BFCD28CE1CAB00BF1D80 /* ViewController.swift */ = {isa = PBXFileReference; lastKnownFileType = sourcecode.swift; path = ViewController.swift; sourceTree = "<group>"; };
		36B9BFD228CE1CAB00BF1D80 /* Assets.xcassets */ = {isa = PBXFileReference; lastKnownFileType = folder.assetcatalog; path = Assets.xcassets; sourceTree = "<group>"; };
		36B9BFD528CE1CAB00BF1D80 /* Base */ = {isa = PBXFileReference; lastKnownFileType = file.storyboard; name = Base; path = Base.lproj/LaunchScreen.storyboard; sourceTree = "<group>"; };
		36B9BFD728CE1CAB00BF1D80 /* Info.plist */ = {isa = PBXFileReference; lastKnownFileType = text.plist.xml; path = Info.plist; sourceTree = "<group>"; };
		4E03FDC028D0AE2400B556FC /* dry.dae */ = {isa = PBXFileReference; fileEncoding = 4; lastKnownFileType = text.xml.dae; path = dry.dae; sourceTree = "<group>"; };
		4E03FDC128D0AE2400B556FC /* Imagem0(unica).png */ = {isa = PBXFileReference; lastKnownFileType = image.png; path = "Imagem0(unica).png"; sourceTree = "<group>"; };
		4E03FDC428D0AEAD00B556FC /* lakeView.swift */ = {isa = PBXFileReference; lastKnownFileType = sourcecode.swift; path = lakeView.swift; sourceTree = "<group>"; };
		4E03FDC628D0D11100B556FC /* peixe1.dae */ = {isa = PBXFileReference; fileEncoding = 4; lastKnownFileType = text.xml.dae; path = peixe1.dae; sourceTree = "<group>"; };
		4E03FDC728D0D11100B556FC /* peixeTextura1.png */ = {isa = PBXFileReference; lastKnownFileType = image.png; path = peixeTextura1.png; sourceTree = "<group>"; };
		4E03FDCA28D2019400B556FC /* dry-1.dae */ = {isa = PBXFileReference; fileEncoding = 4; lastKnownFileType = text.xml.dae; path = "dry-1.dae"; sourceTree = "<group>"; };
		4E03FDCC28D201A600B556FC /* dry-1-texture.png */ = {isa = PBXFileReference; lastKnownFileType = image.png; path = "dry-1-texture.png"; sourceTree = "<group>"; };
		4E03FDCE28D2025F00B556FC /* water-1-texture.png */ = {isa = PBXFileReference; lastKnownFileType = image.png; path = "water-1-texture.png"; sourceTree = "<group>"; };
		4E03FDCF28D2025F00B556FC /* water1.dae */ = {isa = PBXFileReference; fileEncoding = 4; lastKnownFileType = text.xml.dae; path = water1.dae; sourceTree = "<group>"; };
		4ECFD2D928D2049F00ED205A /* wet-1.dae */ = {isa = PBXFileReference; fileEncoding = 4; lastKnownFileType = text.xml.dae; path = "wet-1.dae"; sourceTree = "<group>"; };
		4ECFD2DA28D2049F00ED205A /* wet-1-texture.png */ = {isa = PBXFileReference; lastKnownFileType = image.png; path = "wet-1-texture.png"; sourceTree = "<group>"; };
		4ECFD2DD28D204D900ED205A /* water2.dae */ = {isa = PBXFileReference; fileEncoding = 4; lastKnownFileType = text.xml.dae; path = water2.dae; sourceTree = "<group>"; };
		4ECFD2DE28D204D900ED205A /* water-2-texture.png */ = {isa = PBXFileReference; lastKnownFileType = image.png; path = "water-2-texture.png"; sourceTree = "<group>"; };
		4ECFD2E128D205A800ED205A /* wet-2-texture.png */ = {isa = PBXFileReference; lastKnownFileType = image.png; path = "wet-2-texture.png"; sourceTree = "<group>"; };
		4ECFD2E228D205A800ED205A /* wet-2.dae */ = {isa = PBXFileReference; fileEncoding = 4; lastKnownFileType = text.xml.dae; path = "wet-2.dae"; sourceTree = "<group>"; };
		4ECFD2E528D205DE00ED205A /* water-3-texture.png */ = {isa = PBXFileReference; lastKnownFileType = image.png; path = "water-3-texture.png"; sourceTree = "<group>"; };
		4ECFD2E928D2065000ED205A /* water3.dae */ = {isa = PBXFileReference; fileEncoding = 4; lastKnownFileType = text.xml.dae; path = water3.dae; sourceTree = "<group>"; };
/* End PBXFileReference section */

/* Begin PBXFrameworksBuildPhase section */
		36B9BFC328CE1CAB00BF1D80 /* Frameworks */ = {
			isa = PBXFrameworksBuildPhase;
			buildActionMask = 2147483647;
			files = (
			);
			runOnlyForDeploymentPostprocessing = 0;
		};
/* End PBXFrameworksBuildPhase section */

/* Begin PBXGroup section */
		36B9BFBD28CE1CAB00BF1D80 = {
			isa = PBXGroup;
			children = (
				36B9BFC828CE1CAB00BF1D80 /* DayLight Teste */,
				36B9BFC728CE1CAB00BF1D80 /* Products */,
			);
			sourceTree = "<group>";
		};
		36B9BFC728CE1CAB00BF1D80 /* Products */ = {
			isa = PBXGroup;
			children = (
				36B9BFC628CE1CAB00BF1D80 /* DayLight Teste.app */,
			);
			name = Products;
			sourceTree = "<group>";
		};
		36B9BFC828CE1CAB00BF1D80 /* DayLight Teste */ = {
			isa = PBXGroup;
			children = (
				4E03FDC428D0AEAD00B556FC /* lakeView.swift */,
				4E03FDBF28D0AE1600B556FC /* scnassets */,
				36B9BFC928CE1CAB00BF1D80 /* AppDelegate.swift */,
				36B9BFCD28CE1CAB00BF1D80 /* ViewController.swift */,
				36B9BFD228CE1CAB00BF1D80 /* Assets.xcassets */,
				36B9BFD428CE1CAB00BF1D80 /* LaunchScreen.storyboard */,
				36B9BFD728CE1CAB00BF1D80 /* Info.plist */,
			);
			path = "DayLight Teste";
			sourceTree = "<group>";
		};
		4E03FDBF28D0AE1600B556FC /* scnassets */ = {
			isa = PBXGroup;
			children = (
				4ECFD2E928D2065000ED205A /* water3.dae */,
				4ECFD2E528D205DE00ED205A /* water-3-texture.png */,
				4ECFD2E128D205A800ED205A /* wet-2-texture.png */,
				4ECFD2E228D205A800ED205A /* wet-2.dae */,
				4ECFD2DA28D2049F00ED205A /* wet-1-texture.png */,
				4ECFD2D928D2049F00ED205A /* wet-1.dae */,
				4ECFD2DE28D204D900ED205A /* water-2-texture.png */,
				4ECFD2DD28D204D900ED205A /* water2.dae */,
				4E03FDC628D0D11100B556FC /* peixe1.dae */,
				4E03FDCC28D201A600B556FC /* dry-1-texture.png */,
				4E03FDCE28D2025F00B556FC /* water-1-texture.png */,
				4E03FDCF28D2025F00B556FC /* water1.dae */,
				4E03FDC728D0D11100B556FC /* peixeTextura1.png */,
				4E03FDC128D0AE2400B556FC /* Imagem0(unica).png */,
				4E03FDCA28D2019400B556FC /* dry-1.dae */,
				4E03FDC028D0AE2400B556FC /* dry.dae */,
			);
			path = scnassets;
			sourceTree = "<group>";
		};
/* End PBXGroup section */

/* Begin PBXNativeTarget section */
		36B9BFC528CE1CAB00BF1D80 /* DayLight Teste */ = {
			isa = PBXNativeTarget;
			buildConfigurationList = 36B9BFDA28CE1CAB00BF1D80 /* Build configuration list for PBXNativeTarget "DayLight Teste" */;
			buildPhases = (
				36B9BFC228CE1CAB00BF1D80 /* Sources */,
				36B9BFC328CE1CAB00BF1D80 /* Frameworks */,
				36B9BFC428CE1CAB00BF1D80 /* Resources */,
			);
			buildRules = (
			);
			dependencies = (
			);
			name = "DayLight Teste";
			productName = "DayLight Teste";
			productReference = 36B9BFC628CE1CAB00BF1D80 /* DayLight Teste.app */;
			productType = "com.apple.product-type.application";
		};
/* End PBXNativeTarget section */

/* Begin PBXProject section */
		36B9BFBE28CE1CAB00BF1D80 /* Project object */ = {
			isa = PBXProject;
			attributes = {
				BuildIndependentTargetsInParallel = 1;
				LastSwiftUpdateCheck = 1340;
				LastUpgradeCheck = 1340;
				TargetAttributes = {
					36B9BFC528CE1CAB00BF1D80 = {
						CreatedOnToolsVersion = 13.4.1;
					};
				};
			};
			buildConfigurationList = 36B9BFC128CE1CAB00BF1D80 /* Build configuration list for PBXProject "DayLight Teste" */;
			compatibilityVersion = "Xcode 13.0";
			developmentRegion = en;
			hasScannedForEncodings = 0;
			knownRegions = (
				en,
				Base,
			);
			mainGroup = 36B9BFBD28CE1CAB00BF1D80;
			productRefGroup = 36B9BFC728CE1CAB00BF1D80 /* Products */;
			projectDirPath = "";
			projectRoot = "";
			targets = (
				36B9BFC528CE1CAB00BF1D80 /* DayLight Teste */,
			);
		};
/* End PBXProject section */

/* Begin PBXResourcesBuildPhase section */
		36B9BFC428CE1CAB00BF1D80 /* Resources */ = {
			isa = PBXResourcesBuildPhase;
			buildActionMask = 2147483647;
			files = (
				4ECFD2E428D205A800ED205A /* wet-2.dae in Resources */,
				4ECFD2E028D204D900ED205A /* water-2-texture.png in Resources */,
				4E03FDC828D0D11100B556FC /* peixe1.dae in Resources */,
				4E03FDCB28D2019400B556FC /* dry-1.dae in Resources */,
				4E03FDC928D0D11100B556FC /* peixeTextura1.png in Resources */,
				36B9BFD628CE1CAB00BF1D80 /* LaunchScreen.storyboard in Resources */,
				4ECFD2DF28D204D900ED205A /* water2.dae in Resources */,
				4E03FDC228D0AE2400B556FC /* dry.dae in Resources */,
				4ECFD2EA28D2065000ED205A /* water3.dae in Resources */,
				4E03FDC328D0AE2400B556FC /* Imagem0(unica).png in Resources */,
				36B9BFD328CE1CAB00BF1D80 /* Assets.xcassets in Resources */,
				4E03FDD028D2025F00B556FC /* water-1-texture.png in Resources */,
				4ECFD2DC28D2049F00ED205A /* wet-1-texture.png in Resources */,
				4ECFD2DB28D2049F00ED205A /* wet-1.dae in Resources */,
				4ECFD2E728D205DE00ED205A /* water-3-texture.png in Resources */,
				4E03FDD128D2025F00B556FC /* water1.dae in Resources */,
				4E03FDCD28D201A600B556FC /* dry-1-texture.png in Resources */,
				4ECFD2E328D205A800ED205A /* wet-2-texture.png in Resources */,
			);
			runOnlyForDeploymentPostprocessing = 0;
		};
/* End PBXResourcesBuildPhase section */

/* Begin PBXSourcesBuildPhase section */
		36B9BFC228CE1CAB00BF1D80 /* Sources */ = {
			isa = PBXSourcesBuildPhase;
			buildActionMask = 2147483647;
			files = (
				36B9BFCE28CE1CAB00BF1D80 /* ViewController.swift in Sources */,
				4E03FDC528D0AEAD00B556FC /* lakeView.swift in Sources */,
				36B9BFCA28CE1CAB00BF1D80 /* AppDelegate.swift in Sources */,
			);
			runOnlyForDeploymentPostprocessing = 0;
		};
/* End PBXSourcesBuildPhase section */

/* Begin PBXVariantGroup section */
		36B9BFD428CE1CAB00BF1D80 /* LaunchScreen.storyboard */ = {
			isa = PBXVariantGroup;
			children = (
				36B9BFD528CE1CAB00BF1D80 /* Base */,
			);
			name = LaunchScreen.storyboard;
			sourceTree = "<group>";
		};
/* End PBXVariantGroup section */

/* Begin XCBuildConfiguration section */
		36B9BFD828CE1CAB00BF1D80 /* Debug */ = {
			isa = XCBuildConfiguration;
			buildSettings = {
				ALWAYS_SEARCH_USER_PATHS = NO;
				CLANG_ANALYZER_NONNULL = YES;
				CLANG_ANALYZER_NUMBER_OBJECT_CONVERSION = YES_AGGRESSIVE;
				CLANG_CXX_LANGUAGE_STANDARD = "gnu++17";
				CLANG_ENABLE_MODULES = YES;
				CLANG_ENABLE_OBJC_ARC = YES;
				CLANG_ENABLE_OBJC_WEAK = YES;
				CLANG_WARN_BLOCK_CAPTURE_AUTORELEASING = YES;
				CLANG_WARN_BOOL_CONVERSION = YES;
				CLANG_WARN_COMMA = YES;
				CLANG_WARN_CONSTANT_CONVERSION = YES;
				CLANG_WARN_DEPRECATED_OBJC_IMPLEMENTATIONS = YES;
				CLANG_WARN_DIRECT_OBJC_ISA_USAGE = YES_ERROR;
				CLANG_WARN_DOCUMENTATION_COMMENTS = YES;
				CLANG_WARN_EMPTY_BODY = YES;
				CLANG_WARN_ENUM_CONVERSION = YES;
				CLANG_WARN_INFINITE_RECURSION = YES;
				CLANG_WARN_INT_CONVERSION = YES;
				CLANG_WARN_NON_LITERAL_NULL_CONVERSION = YES;
				CLANG_WARN_OBJC_IMPLICIT_RETAIN_SELF = YES;
				CLANG_WARN_OBJC_LITERAL_CONVERSION = YES;
				CLANG_WARN_OBJC_ROOT_CLASS = YES_ERROR;
				CLANG_WARN_QUOTED_INCLUDE_IN_FRAMEWORK_HEADER = YES;
				CLANG_WARN_RANGE_LOOP_ANALYSIS = YES;
				CLANG_WARN_STRICT_PROTOTYPES = YES;
				CLANG_WARN_SUSPICIOUS_MOVE = YES;
				CLANG_WARN_UNGUARDED_AVAILABILITY = YES_AGGRESSIVE;
				CLANG_WARN_UNREACHABLE_CODE = YES;
				CLANG_WARN__DUPLICATE_METHOD_MATCH = YES;
				COPY_PHASE_STRIP = NO;
				DEBUG_INFORMATION_FORMAT = dwarf;
				ENABLE_STRICT_OBJC_MSGSEND = YES;
				ENABLE_TESTABILITY = YES;
				GCC_C_LANGUAGE_STANDARD = gnu11;
				GCC_DYNAMIC_NO_PIC = NO;
				GCC_NO_COMMON_BLOCKS = YES;
				GCC_OPTIMIZATION_LEVEL = 0;
				GCC_PREPROCESSOR_DEFINITIONS = (
					"DEBUG=1",
					"$(inherited)",
				);
				GCC_WARN_64_TO_32_BIT_CONVERSION = YES;
				GCC_WARN_ABOUT_RETURN_TYPE = YES_ERROR;
				GCC_WARN_UNDECLARED_SELECTOR = YES;
				GCC_WARN_UNINITIALIZED_AUTOS = YES_AGGRESSIVE;
				GCC_WARN_UNUSED_FUNCTION = YES;
				GCC_WARN_UNUSED_VARIABLE = YES;
				IPHONEOS_DEPLOYMENT_TARGET = 15.5;
				MTL_ENABLE_DEBUG_INFO = INCLUDE_SOURCE;
				MTL_FAST_MATH = YES;
				ONLY_ACTIVE_ARCH = YES;
				SDKROOT = iphoneos;
				SWIFT_ACTIVE_COMPILATION_CONDITIONS = DEBUG;
				SWIFT_OPTIMIZATION_LEVEL = "-Onone";
			};
			name = Debug;
		};
		36B9BFD928CE1CAB00BF1D80 /* Release */ = {
			isa = XCBuildConfiguration;
			buildSettings = {
				ALWAYS_SEARCH_USER_PATHS = NO;
				CLANG_ANALYZER_NONNULL = YES;
				CLANG_ANALYZER_NUMBER_OBJECT_CONVERSION = YES_AGGRESSIVE;
				CLANG_CXX_LANGUAGE_STANDARD = "gnu++17";
				CLANG_ENABLE_MODULES = YES;
				CLANG_ENABLE_OBJC_ARC = YES;
				CLANG_ENABLE_OBJC_WEAK = YES;
				CLANG_WARN_BLOCK_CAPTURE_AUTORELEASING = YES;
				CLANG_WARN_BOOL_CONVERSION = YES;
				CLANG_WARN_COMMA = YES;
				CLANG_WARN_CONSTANT_CONVERSION = YES;
				CLANG_WARN_DEPRECATED_OBJC_IMPLEMENTATIONS = YES;
				CLANG_WARN_DIRECT_OBJC_ISA_USAGE = YES_ERROR;
				CLANG_WARN_DOCUMENTATION_COMMENTS = YES;
				CLANG_WARN_EMPTY_BODY = YES;
				CLANG_WARN_ENUM_CONVERSION = YES;
				CLANG_WARN_INFINITE_RECURSION = YES;
				CLANG_WARN_INT_CONVERSION = YES;
				CLANG_WARN_NON_LITERAL_NULL_CONVERSION = YES;
				CLANG_WARN_OBJC_IMPLICIT_RETAIN_SELF = YES;
				CLANG_WARN_OBJC_LITERAL_CONVERSION = YES;
				CLANG_WARN_OBJC_ROOT_CLASS = YES_ERROR;
				CLANG_WARN_QUOTED_INCLUDE_IN_FRAMEWORK_HEADER = YES;
				CLANG_WARN_RANGE_LOOP_ANALYSIS = YES;
				CLANG_WARN_STRICT_PROTOTYPES = YES;
				CLANG_WARN_SUSPICIOUS_MOVE = YES;
				CLANG_WARN_UNGUARDED_AVAILABILITY = YES_AGGRESSIVE;
				CLANG_WARN_UNREACHABLE_CODE = YES;
				CLANG_WARN__DUPLICATE_METHOD_MATCH = YES;
				COPY_PHASE_STRIP = NO;
				DEBUG_INFORMATION_FORMAT = "dwarf-with-dsym";
				ENABLE_NS_ASSERTIONS = NO;
				ENABLE_STRICT_OBJC_MSGSEND = YES;
				GCC_C_LANGUAGE_STANDARD = gnu11;
				GCC_NO_COMMON_BLOCKS = YES;
				GCC_WARN_64_TO_32_BIT_CONVERSION = YES;
				GCC_WARN_ABOUT_RETURN_TYPE = YES_ERROR;
				GCC_WARN_UNDECLARED_SELECTOR = YES;
				GCC_WARN_UNINITIALIZED_AUTOS = YES_AGGRESSIVE;
				GCC_WARN_UNUSED_FUNCTION = YES;
				GCC_WARN_UNUSED_VARIABLE = YES;
				IPHONEOS_DEPLOYMENT_TARGET = 15.5;
				MTL_ENABLE_DEBUG_INFO = NO;
				MTL_FAST_MATH = YES;
				SDKROOT = iphoneos;
				SWIFT_COMPILATION_MODE = wholemodule;
				SWIFT_OPTIMIZATION_LEVEL = "-O";
				VALIDATE_PRODUCT = YES;
			};
			name = Release;
		};
		36B9BFDB28CE1CAB00BF1D80 /* Debug */ = {
			isa = XCBuildConfiguration;
			buildSettings = {
				ASSETCATALOG_COMPILER_APPICON_NAME = AppIcon;
				ASSETCATALOG_COMPILER_GLOBAL_ACCENT_COLOR_NAME = AccentColor;
				CODE_SIGN_STYLE = Automatic;
				CURRENT_PROJECT_VERSION = 1;
				DEVELOPMENT_TEAM = V7GM8G5V55;
				GENERATE_INFOPLIST_FILE = YES;
				INFOPLIST_FILE = "DayLight Teste/Info.plist";
				INFOPLIST_KEY_UIApplicationSupportsIndirectInputEvents = YES;
				INFOPLIST_KEY_UILaunchStoryboardName = LaunchScreen;
				INFOPLIST_KEY_UISupportedInterfaceOrientations_iPad = "UIInterfaceOrientationPortrait UIInterfaceOrientationPortraitUpsideDown UIInterfaceOrientationLandscapeLeft UIInterfaceOrientationLandscapeRight";
				INFOPLIST_KEY_UISupportedInterfaceOrientations_iPhone = "UIInterfaceOrientationPortrait UIInterfaceOrientationLandscapeLeft UIInterfaceOrientationLandscapeRight";
				LD_RUNPATH_SEARCH_PATHS = (
					"$(inherited)",
					"@executable_path/Frameworks",
				);
				MARKETING_VERSION = 1.0;
				PRODUCT_BUNDLE_IDENTIFIER = "ADAIFCE.DayLight-Teste";
				PRODUCT_NAME = "$(TARGET_NAME)";
				SWIFT_EMIT_LOC_STRINGS = YES;
				SWIFT_VERSION = 5.0;
				TARGETED_DEVICE_FAMILY = "1,2";
			};
			name = Debug;
		};
		36B9BFDC28CE1CAB00BF1D80 /* Release */ = {
			isa = XCBuildConfiguration;
			buildSettings = {
				ASSETCATALOG_COMPILER_APPICON_NAME = AppIcon;
				ASSETCATALOG_COMPILER_GLOBAL_ACCENT_COLOR_NAME = AccentColor;
				CODE_SIGN_STYLE = Automatic;
				CURRENT_PROJECT_VERSION = 1;
				DEVELOPMENT_TEAM = V7GM8G5V55;
				GENERATE_INFOPLIST_FILE = YES;
				INFOPLIST_FILE = "DayLight Teste/Info.plist";
				INFOPLIST_KEY_UIApplicationSupportsIndirectInputEvents = YES;
				INFOPLIST_KEY_UILaunchStoryboardName = LaunchScreen;
				INFOPLIST_KEY_UISupportedInterfaceOrientations_iPad = "UIInterfaceOrientationPortrait UIInterfaceOrientationPortraitUpsideDown UIInterfaceOrientationLandscapeLeft UIInterfaceOrientationLandscapeRight";
				INFOPLIST_KEY_UISupportedInterfaceOrientations_iPhone = "UIInterfaceOrientationPortrait UIInterfaceOrientationLandscapeLeft UIInterfaceOrientationLandscapeRight";
				LD_RUNPATH_SEARCH_PATHS = (
					"$(inherited)",
					"@executable_path/Frameworks",
				);
				MARKETING_VERSION = 1.0;
				PRODUCT_BUNDLE_IDENTIFIER = "ADAIFCE.DayLight-Teste";
				PRODUCT_NAME = "$(TARGET_NAME)";
				SWIFT_EMIT_LOC_STRINGS = YES;
				SWIFT_VERSION = 5.0;
				TARGETED_DEVICE_FAMILY = "1,2";
			};
			name = Release;
		};
/* End XCBuildConfiguration section */

/* Begin XCConfigurationList section */
		36B9BFC128CE1CAB00BF1D80 /* Build configuration list for PBXProject "DayLight Teste" */ = {
			isa = XCConfigurationList;
			buildConfigurations = (
				36B9BFD828CE1CAB00BF1D80 /* Debug */,
				36B9BFD928CE1CAB00BF1D80 /* Release */,
			);
			defaultConfigurationIsVisible = 0;
			defaultConfigurationName = Release;
		};
		36B9BFDA28CE1CAB00BF1D80 /* Build configuration list for PBXNativeTarget "DayLight Teste" */ = {
			isa = XCConfigurationList;
			buildConfigurations = (
				36B9BFDB28CE1CAB00BF1D80 /* Debug */,
				36B9BFDC28CE1CAB00BF1D80 /* Release */,
			);
			defaultConfigurationIsVisible = 0;
			defaultConfigurationName = Release;
		};
/* End XCConfigurationList section */
	};
	rootObject = 36B9BFBE28CE1CAB00BF1D80 /* Project object */;
}
